
Microsoft Visual Studio Solution File, Format Version 12.00
# Visual Studio 15
VisualStudioVersion = 15.0.26430.6
MinimumVisualStudioVersion = 10.0.40219.1
Project("{FAE04EC0-301F-11D3-BF4B-00C04F79EFBC}") = "FirstFloor.ModernUI.App", "FirstFloor.ModernUI.App.csproj", "{EF859FE2-A035-4550-909F-FFFA6056F437}"
EndProject
Project("{6141683F-8A12-4E36-9623-2EB02B2C2303}") = "Setup3", "..\Setup3\Setup3.isproj", "{6ADDF33F-1E17-4D67-B664-E950AFD66A65}"
EndProject
Project("{FAE04EC0-301F-11D3-BF4B-00C04F79EFBC}") = "fileSendReceive", "..\fileSendReceive\fileSendReceive.csproj", "{44466797-30A0-4D44-AB8E-FE8CC1E29863}"
EndProject
Project("{FAE04EC0-301F-11D3-BF4B-00C04F79EFBC}") = "videoTest", "..\videoTest\videoTest.csproj", "{0F64FBAA-9B7D-4058-AD0F-EE67CC5FE289}"
EndProject
Project("{FAE04EC0-301F-11D3-BF4B-00C04F79EFBC}") = "WindowsFormsApplication1", "..\WindowsFormsApplication1\WindowsFormsApplication1.csproj", "{E84E265D-8B2E-4582-ACD9-F3139863B9B2}"
EndProject
Project("{FAE04EC0-301F-11D3-BF4B-00C04F79EFBC}") = "shortcutDialog", "..\shortcutDialog\shortcutDialog.csproj", "{635187CD-3461-4CA1-8D43-C44C6944ABB4}"
EndProject
Project("{FAE04EC0-301F-11D3-BF4B-00C04F79EFBC}") = "SpheraTrudaLicenceManager", "..\SpheraTrudaLicenceManager\SpheraTrudaLicenceManager.csproj", "{3AED88E7-2231-4136-B06C-BF910D768227}"
EndProject
Project("{54435603-DBB4-11D2-8724-00A0C9A8B90C}") = "Setup1", "..\Setup1\Setup1.vdproj", "{BD12AF08-AE6B-4734-B437-A98E1F011E0E}"
EndProject
Global
	GlobalSection(SolutionConfigurationPlatforms) = preSolution
		CD_ROM|Any CPU = CD_ROM|Any CPU
		CD_ROM|Mixed Platforms = CD_ROM|Mixed Platforms
		CD_ROM|x64 = CD_ROM|x64
		CD_ROM|x86 = CD_ROM|x86
		Debug|Any CPU = Debug|Any CPU
		Debug|Mixed Platforms = Debug|Mixed Platforms
		Debug|x64 = Debug|x64
		Debug|x86 = Debug|x86
		DVD-5|Any CPU = DVD-5|Any CPU
		DVD-5|Mixed Platforms = DVD-5|Mixed Platforms
		DVD-5|x64 = DVD-5|x64
		DVD-5|x86 = DVD-5|x86
		Release|Any CPU = Release|Any CPU
		Release|Mixed Platforms = Release|Mixed Platforms
		Release|x64 = Release|x64
		Release|x86 = Release|x86
		SingleImage|Any CPU = SingleImage|Any CPU
		SingleImage|Mixed Platforms = SingleImage|Mixed Platforms
		SingleImage|x64 = SingleImage|x64
		SingleImage|x86 = SingleImage|x86
	EndGlobalSection
	GlobalSection(ProjectConfigurationPlatforms) = postSolution
		{EF859FE2-A035-4550-909F-FFFA6056F437}.CD_ROM|Any CPU.ActiveCfg = Release|Any CPU
		{EF859FE2-A035-4550-909F-FFFA6056F437}.CD_ROM|Any CPU.Build.0 = Release|Any CPU
		{EF859FE2-A035-4550-909F-FFFA6056F437}.CD_ROM|Mixed Platforms.ActiveCfg = Debug|Any CPU
		{EF859FE2-A035-4550-909F-FFFA6056F437}.CD_ROM|Mixed Platforms.Build.0 = Debug|Any CPU
		{EF859FE2-A035-4550-909F-FFFA6056F437}.CD_ROM|x64.ActiveCfg = Release|x64
		{EF859FE2-A035-4550-909F-FFFA6056F437}.CD_ROM|x64.Build.0 = Release|x64
		{EF859FE2-A035-4550-909F-FFFA6056F437}.CD_ROM|x86.ActiveCfg = Release|x86
		{EF859FE2-A035-4550-909F-FFFA6056F437}.CD_ROM|x86.Build.0 = Release|x86
		{EF859FE2-A035-4550-909F-FFFA6056F437}.Debug|Any CPU.ActiveCfg = Debug|Any CPU
		{EF859FE2-A035-4550-909F-FFFA6056F437}.Debug|Any CPU.Build.0 = Debug|Any CPU
		{EF859FE2-A035-4550-909F-FFFA6056F437}.Debug|Mixed Platforms.ActiveCfg = Debug|Any CPU
		{EF859FE2-A035-4550-909F-FFFA6056F437}.Debug|Mixed Platforms.Build.0 = Debug|Any CPU
		{EF859FE2-A035-4550-909F-FFFA6056F437}.Debug|x64.ActiveCfg = Debug|x64
		{EF859FE2-A035-4550-909F-FFFA6056F437}.Debug|x64.Build.0 = Debug|x64
		{EF859FE2-A035-4550-909F-FFFA6056F437}.Debug|x86.ActiveCfg = Debug|x86
		{EF859FE2-A035-4550-909F-FFFA6056F437}.Debug|x86.Build.0 = Debug|x86
		{EF859FE2-A035-4550-909F-FFFA6056F437}.DVD-5|Any CPU.ActiveCfg = Debug|Any CPU
		{EF859FE2-A035-4550-909F-FFFA6056F437}.DVD-5|Any CPU.Build.0 = Debug|Any CPU
		{EF859FE2-A035-4550-909F-FFFA6056F437}.DVD-5|Mixed Platforms.ActiveCfg = Debug|Any CPU
		{EF859FE2-A035-4550-909F-FFFA6056F437}.DVD-5|Mixed Platforms.Build.0 = Debug|Any CPU
		{EF859FE2-A035-4550-909F-FFFA6056F437}.DVD-5|x64.ActiveCfg = Debug|x64
		{EF859FE2-A035-4550-909F-FFFA6056F437}.DVD-5|x64.Build.0 = Debug|x64
		{EF859FE2-A035-4550-909F-FFFA6056F437}.DVD-5|x86.ActiveCfg = Debug|x86
		{EF859FE2-A035-4550-909F-FFFA6056F437}.DVD-5|x86.Build.0 = Debug|x86
		{EF859FE2-A035-4550-909F-FFFA6056F437}.Release|Any CPU.ActiveCfg = Release|Any CPU
		{EF859FE2-A035-4550-909F-FFFA6056F437}.Release|Any CPU.Build.0 = Release|Any CPU
		{EF859FE2-A035-4550-909F-FFFA6056F437}.Release|Mixed Platforms.ActiveCfg = Release|Any CPU
		{EF859FE2-A035-4550-909F-FFFA6056F437}.Release|Mixed Platforms.Build.0 = Release|Any CPU
		{EF859FE2-A035-4550-909F-FFFA6056F437}.Release|x64.ActiveCfg = Release|x64
		{EF859FE2-A035-4550-909F-FFFA6056F437}.Release|x64.Build.0 = Release|x64
		{EF859FE2-A035-4550-909F-FFFA6056F437}.Release|x86.ActiveCfg = Release|x86
		{EF859FE2-A035-4550-909F-FFFA6056F437}.Release|x86.Build.0 = Release|x86
		{EF859FE2-A035-4550-909F-FFFA6056F437}.SingleImage|Any CPU.ActiveCfg = Release|Any CPU
		{EF859FE2-A035-4550-909F-FFFA6056F437}.SingleImage|Any CPU.Build.0 = Release|Any CPU
		{EF859FE2-A035-4550-909F-FFFA6056F437}.SingleImage|Mixed Platforms.ActiveCfg = Debug|Any CPU
		{EF859FE2-A035-4550-909F-FFFA6056F437}.SingleImage|Mixed Platforms.Build.0 = Debug|Any CPU
		{EF859FE2-A035-4550-909F-FFFA6056F437}.SingleImage|x64.ActiveCfg = Release|x64
		{EF859FE2-A035-4550-909F-FFFA6056F437}.SingleImage|x64.Build.0 = Release|x64
		{EF859FE2-A035-4550-909F-FFFA6056F437}.SingleImage|x86.ActiveCfg = Release|x86
		{EF859FE2-A035-4550-909F-FFFA6056F437}.SingleImage|x86.Build.0 = Release|x86
		{6ADDF33F-1E17-4D67-B664-E950AFD66A65}.CD_ROM|Any CPU.ActiveCfg = CD_ROM
		{6ADDF33F-1E17-4D67-B664-E950AFD66A65}.CD_ROM|Any CPU.Build.0 = CD_ROM
		{6ADDF33F-1E17-4D67-B664-E950AFD66A65}.CD_ROM|Mixed Platforms.ActiveCfg = CD_ROM
		{6ADDF33F-1E17-4D67-B664-E950AFD66A65}.CD_ROM|Mixed Platforms.Build.0 = CD_ROM
		{6ADDF33F-1E17-4D67-B664-E950AFD66A65}.CD_ROM|x64.ActiveCfg = CD_ROM
		{6ADDF33F-1E17-4D67-B664-E950AFD66A65}.CD_ROM|x64.Build.0 = CD_ROM
		{6ADDF33F-1E17-4D67-B664-E950AFD66A65}.CD_ROM|x86.ActiveCfg = CD_ROM
		{6ADDF33F-1E17-4D67-B664-E950AFD66A65}.CD_ROM|x86.Build.0 = CD_ROM
		{6ADDF33F-1E17-4D67-B664-E950AFD66A65}.Debug|Any CPU.ActiveCfg = DVD-5
		{6ADDF33F-1E17-4D67-B664-E950AFD66A65}.Debug|Any CPU.Build.0 = DVD-5
		{6ADDF33F-1E17-4D67-B664-E950AFD66A65}.Debug|Mixed Platforms.ActiveCfg = DVD-5
		{6ADDF33F-1E17-4D67-B664-E950AFD66A65}.Debug|Mixed Platforms.Build.0 = DVD-5
		{6ADDF33F-1E17-4D67-B664-E950AFD66A65}.Debug|x64.ActiveCfg = DVD-5
		{6ADDF33F-1E17-4D67-B664-E950AFD66A65}.Debug|x64.Build.0 = DVD-5
		{6ADDF33F-1E17-4D67-B664-E950AFD66A65}.Debug|x86.ActiveCfg = DVD-5
		{6ADDF33F-1E17-4D67-B664-E950AFD66A65}.Debug|x86.Build.0 = DVD-5
		{6ADDF33F-1E17-4D67-B664-E950AFD66A65}.DVD-5|Any CPU.ActiveCfg = DVD-5
		{6ADDF33F-1E17-4D67-B664-E950AFD66A65}.DVD-5|Any CPU.Build.0 = DVD-5
		{6ADDF33F-1E17-4D67-B664-E950AFD66A65}.DVD-5|Mixed Platforms.ActiveCfg = DVD-5
		{6ADDF33F-1E17-4D67-B664-E950AFD66A65}.DVD-5|Mixed Platforms.Build.0 = DVD-5
		{6ADDF33F-1E17-4D67-B664-E950AFD66A65}.DVD-5|x64.ActiveCfg = DVD-5
		{6ADDF33F-1E17-4D67-B664-E950AFD66A65}.DVD-5|x64.Build.0 = DVD-5
		{6ADDF33F-1E17-4D67-B664-E950AFD66A65}.DVD-5|x86.ActiveCfg = DVD-5
		{6ADDF33F-1E17-4D67-B664-E950AFD66A65}.DVD-5|x86.Build.0 = DVD-5
		{6ADDF33F-1E17-4D67-B664-E950AFD66A65}.Release|Any CPU.ActiveCfg = SingleImage
		{6ADDF33F-1E17-4D67-B664-E950AFD66A65}.Release|Any CPU.Build.0 = SingleImage
		{6ADDF33F-1E17-4D67-B664-E950AFD66A65}.Release|Mixed Platforms.ActiveCfg = SingleImage
		{6ADDF33F-1E17-4D67-B664-E950AFD66A65}.Release|Mixed Platforms.Build.0 = SingleImage
		{6ADDF33F-1E17-4D67-B664-E950AFD66A65}.Release|x64.ActiveCfg = SingleImage
		{6ADDF33F-1E17-4D67-B664-E950AFD66A65}.Release|x64.Build.0 = SingleImage
		{6ADDF33F-1E17-4D67-B664-E950AFD66A65}.Release|x86.ActiveCfg = SingleImage
		{6ADDF33F-1E17-4D67-B664-E950AFD66A65}.Release|x86.Build.0 = SingleImage
		{6ADDF33F-1E17-4D67-B664-E950AFD66A65}.SingleImage|Any CPU.ActiveCfg = SingleImage
		{6ADDF33F-1E17-4D67-B664-E950AFD66A65}.SingleImage|Any CPU.Build.0 = SingleImage
		{6ADDF33F-1E17-4D67-B664-E950AFD66A65}.SingleImage|Mixed Platforms.ActiveCfg = SingleImage
		{6ADDF33F-1E17-4D67-B664-E950AFD66A65}.SingleImage|Mixed Platforms.Build.0 = SingleImage
		{6ADDF33F-1E17-4D67-B664-E950AFD66A65}.SingleImage|x64.ActiveCfg = SingleImage
		{6ADDF33F-1E17-4D67-B664-E950AFD66A65}.SingleImage|x64.Build.0 = SingleImage
		{6ADDF33F-1E17-4D67-B664-E950AFD66A65}.SingleImage|x86.ActiveCfg = SingleImage
		{6ADDF33F-1E17-4D67-B664-E950AFD66A65}.SingleImage|x86.Build.0 = SingleImage
		{44466797-30A0-4D44-AB8E-FE8CC1E29863}.CD_ROM|Any CPU.ActiveCfg = Release|Any CPU
		{44466797-30A0-4D44-AB8E-FE8CC1E29863}.CD_ROM|Any CPU.Build.0 = Release|Any CPU
		{44466797-30A0-4D44-AB8E-FE8CC1E29863}.CD_ROM|Mixed Platforms.ActiveCfg = Debug|Any CPU
		{44466797-30A0-4D44-AB8E-FE8CC1E29863}.CD_ROM|Mixed Platforms.Build.0 = Debug|Any CPU
		{44466797-30A0-4D44-AB8E-FE8CC1E29863}.CD_ROM|x64.ActiveCfg = Debug|Any CPU
		{44466797-30A0-4D44-AB8E-FE8CC1E29863}.CD_ROM|x86.ActiveCfg = Debug|Any CPU
		{44466797-30A0-4D44-AB8E-FE8CC1E29863}.Debug|Any CPU.ActiveCfg = Debug|Any CPU
		{44466797-30A0-4D44-AB8E-FE8CC1E29863}.Debug|Any CPU.Build.0 = Debug|Any CPU
		{44466797-30A0-4D44-AB8E-FE8CC1E29863}.Debug|Mixed Platforms.ActiveCfg = Debug|Any CPU
		{44466797-30A0-4D44-AB8E-FE8CC1E29863}.Debug|Mixed Platforms.Build.0 = Debug|Any CPU
		{44466797-30A0-4D44-AB8E-FE8CC1E29863}.Debug|x64.ActiveCfg = Debug|Any CPU
		{44466797-30A0-4D44-AB8E-FE8CC1E29863}.Debug|x86.ActiveCfg = Debug|Any CPU
		{44466797-30A0-4D44-AB8E-FE8CC1E29863}.DVD-5|Any CPU.ActiveCfg = Debug|Any CPU
		{44466797-30A0-4D44-AB8E-FE8CC1E29863}.DVD-5|Any CPU.Build.0 = Debug|Any CPU
		{44466797-30A0-4D44-AB8E-FE8CC1E29863}.DVD-5|Mixed Platforms.ActiveCfg = Debug|Any CPU
		{44466797-30A0-4D44-AB8E-FE8CC1E29863}.DVD-5|Mixed Platforms.Build.0 = Debug|Any CPU
		{44466797-30A0-4D44-AB8E-FE8CC1E29863}.DVD-5|x64.ActiveCfg = Debug|Any CPU
		{44466797-30A0-4D44-AB8E-FE8CC1E29863}.DVD-5|x86.ActiveCfg = Debug|Any CPU
		{44466797-30A0-4D44-AB8E-FE8CC1E29863}.Release|Any CPU.ActiveCfg = Release|Any CPU
		{44466797-30A0-4D44-AB8E-FE8CC1E29863}.Release|Any CPU.Build.0 = Release|Any CPU
		{44466797-30A0-4D44-AB8E-FE8CC1E29863}.Release|Mixed Platforms.ActiveCfg = Release|Any CPU
		{44466797-30A0-4D44-AB8E-FE8CC1E29863}.Release|Mixed Platforms.Build.0 = Release|Any CPU
		{44466797-30A0-4D44-AB8E-FE8CC1E29863}.Release|x64.ActiveCfg = Release|Any CPU
		{44466797-30A0-4D44-AB8E-FE8CC1E29863}.Release|x86.ActiveCfg = Release|Any CPU
		{44466797-30A0-4D44-AB8E-FE8CC1E29863}.SingleImage|Any CPU.ActiveCfg = Release|Any CPU
		{44466797-30A0-4D44-AB8E-FE8CC1E29863}.SingleImage|Any CPU.Build.0 = Release|Any CPU
		{44466797-30A0-4D44-AB8E-FE8CC1E29863}.SingleImage|Mixed Platforms.ActiveCfg = Debug|Any CPU
		{44466797-30A0-4D44-AB8E-FE8CC1E29863}.SingleImage|Mixed Platforms.Build.0 = Debug|Any CPU
		{44466797-30A0-4D44-AB8E-FE8CC1E29863}.SingleImage|x64.ActiveCfg = Debug|Any CPU
		{44466797-30A0-4D44-AB8E-FE8CC1E29863}.SingleImage|x86.ActiveCfg = Debug|Any CPU
		{0F64FBAA-9B7D-4058-AD0F-EE67CC5FE289}.CD_ROM|Any CPU.ActiveCfg = Release|Any CPU
		{0F64FBAA-9B7D-4058-AD0F-EE67CC5FE289}.CD_ROM|Any CPU.Build.0 = Release|Any CPU
		{0F64FBAA-9B7D-4058-AD0F-EE67CC5FE289}.CD_ROM|Mixed Platforms.ActiveCfg = Release|x86
		{0F64FBAA-9B7D-4058-AD0F-EE67CC5FE289}.CD_ROM|Mixed Platforms.Build.0 = Release|x86
		{0F64FBAA-9B7D-4058-AD0F-EE67CC5FE289}.CD_ROM|x64.ActiveCfg = Debug|Any CPU
		{0F64FBAA-9B7D-4058-AD0F-EE67CC5FE289}.CD_ROM|x86.ActiveCfg = Release|x86
		{0F64FBAA-9B7D-4058-AD0F-EE67CC5FE289}.CD_ROM|x86.Build.0 = Release|x86
		{0F64FBAA-9B7D-4058-AD0F-EE67CC5FE289}.Debug|Any CPU.ActiveCfg = Debug|Any CPU
		{0F64FBAA-9B7D-4058-AD0F-EE67CC5FE289}.Debug|Any CPU.Build.0 = Debug|Any CPU
		{0F64FBAA-9B7D-4058-AD0F-EE67CC5FE289}.Debug|Mixed Platforms.ActiveCfg = Debug|Any CPU
		{0F64FBAA-9B7D-4058-AD0F-EE67CC5FE289}.Debug|Mixed Platforms.Build.0 = Debug|Any CPU
		{0F64FBAA-9B7D-4058-AD0F-EE67CC5FE289}.Debug|x64.ActiveCfg = Debug|Any CPU
		{0F64FBAA-9B7D-4058-AD0F-EE67CC5FE289}.Debug|x86.ActiveCfg = Debug|x86
		{0F64FBAA-9B7D-4058-AD0F-EE67CC5FE289}.Debug|x86.Build.0 = Debug|x86
		{0F64FBAA-9B7D-4058-AD0F-EE67CC5FE289}.DVD-5|Any CPU.ActiveCfg = Debug|Any CPU
		{0F64FBAA-9B7D-4058-AD0F-EE67CC5FE289}.DVD-5|Any CPU.Build.0 = Debug|Any CPU
		{0F64FBAA-9B7D-4058-AD0F-EE67CC5FE289}.DVD-5|Mixed Platforms.ActiveCfg = Debug|x86
		{0F64FBAA-9B7D-4058-AD0F-EE67CC5FE289}.DVD-5|Mixed Platforms.Build.0 = Debug|x86
		{0F64FBAA-9B7D-4058-AD0F-EE67CC5FE289}.DVD-5|x64.ActiveCfg = Debug|Any CPU
		{0F64FBAA-9B7D-4058-AD0F-EE67CC5FE289}.DVD-5|x86.ActiveCfg = Debug|x86
		{0F64FBAA-9B7D-4058-AD0F-EE67CC5FE289}.DVD-5|x86.Build.0 = Debug|x86
		{0F64FBAA-9B7D-4058-AD0F-EE67CC5FE289}.Release|Any CPU.ActiveCfg = Release|Any CPU
		{0F64FBAA-9B7D-4058-AD0F-EE67CC5FE289}.Release|Any CPU.Build.0 = Release|Any CPU
		{0F64FBAA-9B7D-4058-AD0F-EE67CC5FE289}.Release|Mixed Platforms.ActiveCfg = Release|x86
		{0F64FBAA-9B7D-4058-AD0F-EE67CC5FE289}.Release|Mixed Platforms.Build.0 = Release|x86
		{0F64FBAA-9B7D-4058-AD0F-EE67CC5FE289}.Release|x64.ActiveCfg = Release|Any CPU
		{0F64FBAA-9B7D-4058-AD0F-EE67CC5FE289}.Release|x86.ActiveCfg = Release|x86
		{0F64FBAA-9B7D-4058-AD0F-EE67CC5FE289}.Release|x86.Build.0 = Release|x86
		{0F64FBAA-9B7D-4058-AD0F-EE67CC5FE289}.SingleImage|Any CPU.ActiveCfg = Release|Any CPU
		{0F64FBAA-9B7D-4058-AD0F-EE67CC5FE289}.SingleImage|Any CPU.Build.0 = Release|Any CPU
		{0F64FBAA-9B7D-4058-AD0F-EE67CC5FE289}.SingleImage|Mixed Platforms.ActiveCfg = Release|x86
		{0F64FBAA-9B7D-4058-AD0F-EE67CC5FE289}.SingleImage|Mixed Platforms.Build.0 = Release|x86
		{0F64FBAA-9B7D-4058-AD0F-EE67CC5FE289}.SingleImage|x64.ActiveCfg = Debug|Any CPU
		{0F64FBAA-9B7D-4058-AD0F-EE67CC5FE289}.SingleImage|x86.ActiveCfg = Release|x86
		{0F64FBAA-9B7D-4058-AD0F-EE67CC5FE289}.SingleImage|x86.Build.0 = Release|x86
		{E84E265D-8B2E-4582-ACD9-F3139863B9B2}.CD_ROM|Any CPU.ActiveCfg = Release|Any CPU
		{E84E265D-8B2E-4582-ACD9-F3139863B9B2}.CD_ROM|Any CPU.Build.0 = Release|Any CPU
		{E84E265D-8B2E-4582-ACD9-F3139863B9B2}.CD_ROM|Mixed Platforms.ActiveCfg = Release|Any CPU
		{E84E265D-8B2E-4582-ACD9-F3139863B9B2}.CD_ROM|Mixed Platforms.Build.0 = Release|Any CPU
		{E84E265D-8B2E-4582-ACD9-F3139863B9B2}.CD_ROM|x64.ActiveCfg = Release|Any CPU
		{E84E265D-8B2E-4582-ACD9-F3139863B9B2}.CD_ROM|x86.ActiveCfg = Release|Any CPU
		{E84E265D-8B2E-4582-ACD9-F3139863B9B2}.Debug|Any CPU.ActiveCfg = Debug|Any CPU
		{E84E265D-8B2E-4582-ACD9-F3139863B9B2}.Debug|Any CPU.Build.0 = Debug|Any CPU
		{E84E265D-8B2E-4582-ACD9-F3139863B9B2}.Debug|Mixed Platforms.ActiveCfg = Debug|Any CPU
		{E84E265D-8B2E-4582-ACD9-F3139863B9B2}.Debug|Mixed Platforms.Build.0 = Debug|Any CPU
		{E84E265D-8B2E-4582-ACD9-F3139863B9B2}.Debug|x64.ActiveCfg = Debug|Any CPU
		{E84E265D-8B2E-4582-ACD9-F3139863B9B2}.Debug|x86.ActiveCfg = Debug|Any CPU
		{E84E265D-8B2E-4582-ACD9-F3139863B9B2}.DVD-5|Any CPU.ActiveCfg = Debug|Any CPU
		{E84E265D-8B2E-4582-ACD9-F3139863B9B2}.DVD-5|Any CPU.Build.0 = Debug|Any CPU
		{E84E265D-8B2E-4582-ACD9-F3139863B9B2}.DVD-5|Mixed Platforms.ActiveCfg = Debug|Any CPU
		{E84E265D-8B2E-4582-ACD9-F3139863B9B2}.DVD-5|Mixed Platforms.Build.0 = Debug|Any CPU
		{E84E265D-8B2E-4582-ACD9-F3139863B9B2}.DVD-5|x64.ActiveCfg = Debug|Any CPU
		{E84E265D-8B2E-4582-ACD9-F3139863B9B2}.DVD-5|x86.ActiveCfg = Debug|Any CPU
		{E84E265D-8B2E-4582-ACD9-F3139863B9B2}.Release|Any CPU.ActiveCfg = Release|Any CPU
		{E84E265D-8B2E-4582-ACD9-F3139863B9B2}.Release|Any CPU.Build.0 = Release|Any CPU
		{E84E265D-8B2E-4582-ACD9-F3139863B9B2}.Release|Mixed Platforms.ActiveCfg = Release|Any CPU
		{E84E265D-8B2E-4582-ACD9-F3139863B9B2}.Release|Mixed Platforms.Build.0 = Release|Any CPU
		{E84E265D-8B2E-4582-ACD9-F3139863B9B2}.Release|x64.ActiveCfg = Release|Any CPU
		{E84E265D-8B2E-4582-ACD9-F3139863B9B2}.Release|x86.ActiveCfg = Release|Any CPU
		{E84E265D-8B2E-4582-ACD9-F3139863B9B2}.SingleImage|Any CPU.ActiveCfg = Release|Any CPU
		{E84E265D-8B2E-4582-ACD9-F3139863B9B2}.SingleImage|Any CPU.Build.0 = Release|Any CPU
		{E84E265D-8B2E-4582-ACD9-F3139863B9B2}.SingleImage|Mixed Platforms.ActiveCfg = Release|Any CPU
		{E84E265D-8B2E-4582-ACD9-F3139863B9B2}.SingleImage|Mixed Platforms.Build.0 = Release|Any CPU
		{E84E265D-8B2E-4582-ACD9-F3139863B9B2}.SingleImage|x64.ActiveCfg = Release|Any CPU
		{E84E265D-8B2E-4582-ACD9-F3139863B9B2}.SingleImage|x86.ActiveCfg = Release|Any CPU
		{635187CD-3461-4CA1-8D43-C44C6944ABB4}.CD_ROM|Any CPU.ActiveCfg = Release|Any CPU
		{635187CD-3461-4CA1-8D43-C44C6944ABB4}.CD_ROM|Any CPU.Build.0 = Release|Any CPU
		{635187CD-3461-4CA1-8D43-C44C6944ABB4}.CD_ROM|Mixed Platforms.ActiveCfg = Release|Any CPU
		{635187CD-3461-4CA1-8D43-C44C6944ABB4}.CD_ROM|Mixed Platforms.Build.0 = Release|Any CPU
		{635187CD-3461-4CA1-8D43-C44C6944ABB4}.CD_ROM|x64.ActiveCfg = Release|Any CPU
		{635187CD-3461-4CA1-8D43-C44C6944ABB4}.CD_ROM|x86.ActiveCfg = Release|Any CPU
		{635187CD-3461-4CA1-8D43-C44C6944ABB4}.Debug|Any CPU.ActiveCfg = Debug|Any CPU
		{635187CD-3461-4CA1-8D43-C44C6944ABB4}.Debug|Any CPU.Build.0 = Debug|Any CPU
		{635187CD-3461-4CA1-8D43-C44C6944ABB4}.Debug|Mixed Platforms.ActiveCfg = Debug|Any CPU
		{635187CD-3461-4CA1-8D43-C44C6944ABB4}.Debug|Mixed Platforms.Build.0 = Debug|Any CPU
		{635187CD-3461-4CA1-8D43-C44C6944ABB4}.Debug|x64.ActiveCfg = Debug|Any CPU
		{635187CD-3461-4CA1-8D43-C44C6944ABB4}.Debug|x86.ActiveCfg = Debug|Any CPU
		{635187CD-3461-4CA1-8D43-C44C6944ABB4}.DVD-5|Any CPU.ActiveCfg = Debug|Any CPU
		{635187CD-3461-4CA1-8D43-C44C6944ABB4}.DVD-5|Any CPU.Build.0 = Debug|Any CPU
		{635187CD-3461-4CA1-8D43-C44C6944ABB4}.DVD-5|Mixed Platforms.ActiveCfg = Debug|Any CPU
		{635187CD-3461-4CA1-8D43-C44C6944ABB4}.DVD-5|Mixed Platforms.Build.0 = Debug|Any CPU
		{635187CD-3461-4CA1-8D43-C44C6944ABB4}.DVD-5|x64.ActiveCfg = Debug|Any CPU
		{635187CD-3461-4CA1-8D43-C44C6944ABB4}.DVD-5|x86.ActiveCfg = Debug|Any CPU
		{635187CD-3461-4CA1-8D43-C44C6944ABB4}.Release|Any CPU.ActiveCfg = Release|Any CPU
		{635187CD-3461-4CA1-8D43-C44C6944ABB4}.Release|Any CPU.Build.0 = Release|Any CPU
		{635187CD-3461-4CA1-8D43-C44C6944ABB4}.Release|Mixed Platforms.ActiveCfg = Release|Any CPU
		{635187CD-3461-4CA1-8D43-C44C6944ABB4}.Release|Mixed Platforms.Build.0 = Release|Any CPU
		{635187CD-3461-4CA1-8D43-C44C6944ABB4}.Release|x64.ActiveCfg = Release|Any CPU
		{635187CD-3461-4CA1-8D43-C44C6944ABB4}.Release|x86.ActiveCfg = Release|Any CPU
		{635187CD-3461-4CA1-8D43-C44C6944ABB4}.SingleImage|Any CPU.ActiveCfg = Release|Any CPU
		{635187CD-3461-4CA1-8D43-C44C6944ABB4}.SingleImage|Any CPU.Build.0 = Release|Any CPU
		{635187CD-3461-4CA1-8D43-C44C6944ABB4}.SingleImage|Mixed Platforms.ActiveCfg = Release|Any CPU
		{635187CD-3461-4CA1-8D43-C44C6944ABB4}.SingleImage|Mixed Platforms.Build.0 = Release|Any CPU
		{635187CD-3461-4CA1-8D43-C44C6944ABB4}.SingleImage|x64.ActiveCfg = Release|Any CPU
		{635187CD-3461-4CA1-8D43-C44C6944ABB4}.SingleImage|x86.ActiveCfg = Release|Any CPU
		{3AED88E7-2231-4136-B06C-BF910D768227}.CD_ROM|Any CPU.ActiveCfg = Release|Any CPU
		{3AED88E7-2231-4136-B06C-BF910D768227}.CD_ROM|Any CPU.Build.0 = Release|Any CPU
		{3AED88E7-2231-4136-B06C-BF910D768227}.CD_ROM|Mixed Platforms.ActiveCfg = Release|Any CPU
		{3AED88E7-2231-4136-B06C-BF910D768227}.CD_ROM|Mixed Platforms.Build.0 = Release|Any CPU
		{3AED88E7-2231-4136-B06C-BF910D768227}.CD_ROM|x64.ActiveCfg = Release|Any CPU
		{3AED88E7-2231-4136-B06C-BF910D768227}.CD_ROM|x86.ActiveCfg = Release|Any CPU
		{3AED88E7-2231-4136-B06C-BF910D768227}.Debug|Any CPU.ActiveCfg = Debug|Any CPU
		{3AED88E7-2231-4136-B06C-BF910D768227}.Debug|Any CPU.Build.0 = Debug|Any CPU
		{3AED88E7-2231-4136-B06C-BF910D768227}.Debug|Mixed Platforms.ActiveCfg = Debug|Any CPU
		{3AED88E7-2231-4136-B06C-BF910D768227}.Debug|Mixed Platforms.Build.0 = Debug|Any CPU
		{3AED88E7-2231-4136-B06C-BF910D768227}.Debug|x64.ActiveCfg = Debug|Any CPU
		{3AED88E7-2231-4136-B06C-BF910D768227}.Debug|x86.ActiveCfg = Debug|Any CPU
		{3AED88E7-2231-4136-B06C-BF910D768227}.DVD-5|Any CPU.ActiveCfg = Debug|Any CPU
		{3AED88E7-2231-4136-B06C-BF910D768227}.DVD-5|Any CPU.Build.0 = Debug|Any CPU
		{3AED88E7-2231-4136-B06C-BF910D768227}.DVD-5|Mixed Platforms.ActiveCfg = Debug|Any CPU
		{3AED88E7-2231-4136-B06C-BF910D768227}.DVD-5|Mixed Platforms.Build.0 = Debug|Any CPU
		{3AED88E7-2231-4136-B06C-BF910D768227}.DVD-5|x64.ActiveCfg = Debug|Any CPU
		{3AED88E7-2231-4136-B06C-BF910D768227}.DVD-5|x86.ActiveCfg = Debug|Any CPU
		{3AED88E7-2231-4136-B06C-BF910D768227}.Release|Any CPU.ActiveCfg = Release|Any CPU
		{3AED88E7-2231-4136-B06C-BF910D768227}.Release|Any CPU.Build.0 = Release|Any CPU
		{3AED88E7-2231-4136-B06C-BF910D768227}.Release|Mixed Platforms.ActiveCfg = Release|Any CPU
		{3AED88E7-2231-4136-B06C-BF910D768227}.Release|Mixed Platforms.Build.0 = Release|Any CPU
		{3AED88E7-2231-4136-B06C-BF910D768227}.Release|x64.ActiveCfg = Release|Any CPU
		{3AED88E7-2231-4136-B06C-BF910D768227}.Release|x86.ActiveCfg = Release|Any CPU
		{3AED88E7-2231-4136-B06C-BF910D768227}.SingleImage|Any CPU.ActiveCfg = Release|Any CPU
		{3AED88E7-2231-4136-B06C-BF910D768227}.SingleImage|Any CPU.Build.0 = Release|Any CPU
		{3AED88E7-2231-4136-B06C-BF910D768227}.SingleImage|Mixed Platforms.ActiveCfg = Release|Any CPU
		{3AED88E7-2231-4136-B06C-BF910D768227}.SingleImage|Mixed Platforms.Build.0 = Release|Any CPU
		{3AED88E7-2231-4136-B06C-BF910D768227}.SingleImage|x64.ActiveCfg = Release|Any CPU
		{3AED88E7-2231-4136-B06C-BF910D768227}.SingleImage|x86.ActiveCfg = Release|Any CPU
		{BD12AF08-AE6B-4734-B437-A98E1F011E0E}.CD_ROM|Any CPU.ActiveCfg = Release
		{BD12AF08-AE6B-4734-B437-A98E1F011E0E}.CD_ROM|Mixed Platforms.ActiveCfg = Release
		{BD12AF08-AE6B-4734-B437-A98E1F011E0E}.CD_ROM|x64.ActiveCfg = Release
		{BD12AF08-AE6B-4734-B437-A98E1F011E0E}.CD_ROM|x86.ActiveCfg = Release
		{BD12AF08-AE6B-4734-B437-A98E1F011E0E}.Debug|Any CPU.ActiveCfg = Debug
		{BD12AF08-AE6B-4734-B437-A98E1F011E0E}.Debug|Mixed Platforms.ActiveCfg = Debug
		{BD12AF08-AE6B-4734-B437-A98E1F011E0E}.Debug|x64.ActiveCfg = Debug
		{BD12AF08-AE6B-4734-B437-A98E1F011E0E}.Debug|x86.ActiveCfg = Debug
		{BD12AF08-AE6B-4734-B437-A98E1F011E0E}.DVD-5|Any CPU.ActiveCfg = Debug
		{BD12AF08-AE6B-4734-B437-A98E1F011E0E}.DVD-5|Mixed Platforms.ActiveCfg = Debug
		{BD12AF08-AE6B-4734-B437-A98E1F011E0E}.DVD-5|x64.ActiveCfg = Debug
		{BD12AF08-AE6B-4734-B437-A98E1F011E0E}.DVD-5|x86.ActiveCfg = Debug
		{BD12AF08-AE6B-4734-B437-A98E1F011E0E}.Release|Any CPU.ActiveCfg = Release
		{BD12AF08-AE6B-4734-B437-A98E1F011E0E}.Release|Mixed Platforms.ActiveCfg = Release
		{BD12AF08-AE6B-4734-B437-A98E1F011E0E}.Release|x64.ActiveCfg = Release
		{BD12AF08-AE6B-4734-B437-A98E1F011E0E}.Release|x86.ActiveCfg = Release
		{BD12AF08-AE6B-4734-B437-A98E1F011E0E}.SingleImage|Any CPU.ActiveCfg = Release
		{BD12AF08-AE6B-4734-B437-A98E1F011E0E}.SingleImage|Mixed Platforms.ActiveCfg = Release
		{BD12AF08-AE6B-4734-B437-A98E1F011E0E}.SingleImage|x64.ActiveCfg = Release
		{BD12AF08-AE6B-4734-B437-A98E1F011E0E}.SingleImage|x86.ActiveCfg = Release
	EndGlobalSection
	GlobalSection(SolutionProperties) = preSolution
		HideSolutionNode = FALSE
	EndGlobalSection
EndGlobal
